// !$*UTF8*$!
{
	archiveVersion = 1;
	classes = {
	};
	objectVersion = 46;
	objects = {

/* Begin PBXBuildFile section */
		6A3AE78F1AB8975400912B49 /* LinearLayout.swift in Sources */ = {isa = PBXBuildFile; fileRef = 6A3AE78E1AB8975400912B49 /* LinearLayout.swift */; };
		6A3AE7911AB8991B00912B49 /* UIKit.framework in Frameworks */ = {isa = PBXBuildFile; fileRef = 6A3AE7901AB8991B00912B49 /* UIKit.framework */; };
		6A47A74B1AD22B3E00212DC8 /* MessageUI.framework in Frameworks */ = {isa = PBXBuildFile; fileRef = 6A47A74A1AD22B3E00212DC8 /* MessageUI.framework */; };
		6A8EDAD01AD1FDDB00903F94 /* public.png in Resources */ = {isa = PBXBuildFile; fileRef = 6A8EDACE1AD1FDDB00903F94 /* public.png */; };
		6A8EDAD11AD1FDDB00903F94 /* public@2x.png in Resources */ = {isa = PBXBuildFile; fileRef = 6A8EDACF1AD1FDDB00903F94 /* public@2x.png */; };
		6AD790041AC5F77A00DF7FA3 /* ic_remove_black_16.png in Resources */ = {isa = PBXBuildFile; fileRef = 6AD790021AC5F77A00DF7FA3 /* ic_remove_black_16.png */; };
		6AD790051AC5F77A00DF7FA3 /* ic_remove_black_16@2x.png in Resources */ = {isa = PBXBuildFile; fileRef = 6AD790031AC5F77A00DF7FA3 /* ic_remove_black_16@2x.png */; };
		C06EB7BB1A61C0F800C379BF /* CFNetwork.framework in Frameworks */ = {isa = PBXBuildFile; fileRef = C06EB7BA1A61C0F800C379BF /* CFNetwork.framework */; };
		C06EB7BD1A61C10700C379BF /* CoreGraphics.framework in Frameworks */ = {isa = PBXBuildFile; fileRef = C06EB7BC1A61C10700C379BF /* CoreGraphics.framework */; };
		C06EB7BF1A61C10E00C379BF /* CoreLocation.framework in Frameworks */ = {isa = PBXBuildFile; fileRef = C06EB7BE1A61C10E00C379BF /* CoreLocation.framework */; };
		C06EB7C11A61C11400C379BF /* MobileCoreServices.framework in Frameworks */ = {isa = PBXBuildFile; fileRef = C06EB7C01A61C11400C379BF /* MobileCoreServices.framework */; };
		C06EB7C91A61C13100C379BF /* SystemConfiguration.framework in Frameworks */ = {isa = PBXBuildFile; fileRef = C06EB7C81A61C13100C379BF /* SystemConfiguration.framework */; };
		C17C576519EEE69900BBE12E /* AppDelegate.swift in Sources */ = {isa = PBXBuildFile; fileRef = C17C576419EEE69900BBE12E /* AppDelegate.swift */; };
		C17C576719EEE69900BBE12E /* ViewController.swift in Sources */ = {isa = PBXBuildFile; fileRef = C17C576619EEE69900BBE12E /* ViewController.swift */; };
		C17C576A19EEE69900BBE12E /* Main.storyboard in Resources */ = {isa = PBXBuildFile; fileRef = C17C576819EEE69900BBE12E /* Main.storyboard */; };
		C17C576C19EEE69900BBE12E /* Images.xcassets in Resources */ = {isa = PBXBuildFile; fileRef = C17C576B19EEE69900BBE12E /* Images.xcassets */; };
		C17C576F19EEE69900BBE12E /* LaunchScreen.xib in Resources */ = {isa = PBXBuildFile; fileRef = C17C576D19EEE69900BBE12E /* LaunchScreen.xib */; };
		C17C577B19EEE69900BBE12E /* GooglePlusSwiftTests.swift in Sources */ = {isa = PBXBuildFile; fileRef = C17C577A19EEE69900BBE12E /* GooglePlusSwiftTests.swift */; };
		C17C578719EEE6F900BBE12E /* GoogleOpenSource.framework in Frameworks */ = {isa = PBXBuildFile; fileRef = C17C578419EEE6F900BBE12E /* GoogleOpenSource.framework */; };
		C17C578819EEE6F900BBE12E /* GooglePlus.bundle in Resources */ = {isa = PBXBuildFile; fileRef = C17C578519EEE6F900BBE12E /* GooglePlus.bundle */; };
		C17C578919EEE6F900BBE12E /* GooglePlus.framework in Frameworks */ = {isa = PBXBuildFile; fileRef = C17C578619EEE6F900BBE12E /* GooglePlus.framework */; };
/* End PBXBuildFile section */

/* Begin PBXContainerItemProxy section */
		C17C577519EEE69900BBE12E /* PBXContainerItemProxy */ = {
			isa = PBXContainerItemProxy;
			containerPortal = C17C575719EEE69900BBE12E /* Project object */;
			proxyType = 1;
			remoteGlobalIDString = C17C575E19EEE69900BBE12E;
			remoteInfo = GooglePlusSwift;
		};
/* End PBXContainerItemProxy section */

/* Begin PBXFileReference section */
		6A3AE78E1AB8975400912B49 /* LinearLayout.swift */ = {isa = PBXFileReference; fileEncoding = 4; lastKnownFileType = sourcecode.swift; path = LinearLayout.swift; sourceTree = "<group>"; };
		6A3AE7901AB8991B00912B49 /* UIKit.framework */ = {isa = PBXFileReference; lastKnownFileType = wrapper.framework; name = UIKit.framework; path = System/Library/Frameworks/UIKit.framework; sourceTree = SDKROOT; };
		6A47A74A1AD22B3E00212DC8 /* MessageUI.framework */ = {isa = PBXFileReference; lastKnownFileType = wrapper.framework; name = MessageUI.framework; path = System/Library/Frameworks/MessageUI.framework; sourceTree = SDKROOT; };
		6A8EDACE1AD1FDDB00903F94 /* public.png */ = {isa = PBXFileReference; lastKnownFileType = image.png; name = public.png; path = GooglePlus.bundle/GPPCommonSharedResources.bundle/public.png; sourceTree = "<group>"; };
		6A8EDACF1AD1FDDB00903F94 /* public@2x.png */ = {isa = PBXFileReference; lastKnownFileType = image.png; name = "public@2x.png"; path = "GooglePlus.bundle/GPPCommonSharedResources.bundle/public@2x.png"; sourceTree = "<group>"; };
		6AD790021AC5F77A00DF7FA3 /* ic_remove_black_16.png */ = {isa = PBXFileReference; lastKnownFileType = image.png; name = ic_remove_black_16.png; path = GooglePlus.bundle/GPPCommonSharedResources.bundle/ic_remove_black_16.png; sourceTree = "<group>"; };
		6AD790031AC5F77A00DF7FA3 /* ic_remove_black_16@2x.png */ = {isa = PBXFileReference; lastKnownFileType = image.png; name = "ic_remove_black_16@2x.png"; path = "GooglePlus.bundle/GPPCommonSharedResources.bundle/ic_remove_black_16@2x.png"; sourceTree = "<group>"; };
		C06EB7BA1A61C0F800C379BF /* CFNetwork.framework */ = {isa = PBXFileReference; lastKnownFileType = wrapper.framework; name = CFNetwork.framework; path = System/Library/Frameworks/CFNetwork.framework; sourceTree = SDKROOT; };
		C06EB7BC1A61C10700C379BF /* CoreGraphics.framework */ = {isa = PBXFileReference; lastKnownFileType = wrapper.framework; name = CoreGraphics.framework; path = System/Library/Frameworks/CoreGraphics.framework; sourceTree = SDKROOT; };
		C06EB7BE1A61C10E00C379BF /* CoreLocation.framework */ = {isa = PBXFileReference; lastKnownFileType = wrapper.framework; name = CoreLocation.framework; path = System/Library/Frameworks/CoreLocation.framework; sourceTree = SDKROOT; };
		C06EB7C01A61C11400C379BF /* MobileCoreServices.framework */ = {isa = PBXFileReference; lastKnownFileType = wrapper.framework; name = MobileCoreServices.framework; path = System/Library/Frameworks/MobileCoreServices.framework; sourceTree = SDKROOT; };
		C06EB7C81A61C13100C379BF /* SystemConfiguration.framework */ = {isa = PBXFileReference; lastKnownFileType = wrapper.framework; name = SystemConfiguration.framework; path = System/Library/Frameworks/SystemConfiguration.framework; sourceTree = SDKROOT; };
		C17C575F19EEE69900BBE12E /* NWLit.app */ = {isa = PBXFileReference; explicitFileType = wrapper.application; includeInIndex = 0; path = NWLit.app; sourceTree = BUILT_PRODUCTS_DIR; };
		C17C576319EEE69900BBE12E /* Info.plist */ = {isa = PBXFileReference; lastKnownFileType = text.plist.xml; path = Info.plist; sourceTree = "<group>"; };
		C17C576419EEE69900BBE12E /* AppDelegate.swift */ = {isa = PBXFileReference; lastKnownFileType = sourcecode.swift; path = AppDelegate.swift; sourceTree = "<group>"; };
		C17C576619EEE69900BBE12E /* ViewController.swift */ = {isa = PBXFileReference; lastKnownFileType = sourcecode.swift; path = ViewController.swift; sourceTree = "<group>"; };
		C17C576919EEE69900BBE12E /* Base */ = {isa = PBXFileReference; lastKnownFileType = file.storyboard; name = Base; path = Base.lproj/Main.storyboard; sourceTree = "<group>"; };
		C17C576B19EEE69900BBE12E /* Images.xcassets */ = {isa = PBXFileReference; lastKnownFileType = folder.assetcatalog; path = Images.xcassets; sourceTree = "<group>"; };
		C17C576E19EEE69900BBE12E /* Base */ = {isa = PBXFileReference; lastKnownFileType = file.xib; name = Base; path = Base.lproj/LaunchScreen.xib; sourceTree = "<group>"; };
		C17C577419EEE69900BBE12E /* NWLitTests.xctest */ = {isa = PBXFileReference; explicitFileType = wrapper.cfbundle; includeInIndex = 0; path = NWLitTests.xctest; sourceTree = BUILT_PRODUCTS_DIR; };
		C17C577919EEE69900BBE12E /* Info.plist */ = {isa = PBXFileReference; lastKnownFileType = text.plist.xml; path = Info.plist; sourceTree = "<group>"; };
		C17C577A19EEE69900BBE12E /* GooglePlusSwiftTests.swift */ = {isa = PBXFileReference; lastKnownFileType = sourcecode.swift; path = GooglePlusSwiftTests.swift; sourceTree = "<group>"; };
		C17C578419EEE6F900BBE12E /* GoogleOpenSource.framework */ = {isa = PBXFileReference; lastKnownFileType = wrapper.framework; path = GoogleOpenSource.framework; sourceTree = "<group>"; };
		C17C578519EEE6F900BBE12E /* GooglePlus.bundle */ = {isa = PBXFileReference; lastKnownFileType = "wrapper.plug-in"; path = GooglePlus.bundle; sourceTree = "<group>"; };
		C17C578619EEE6F900BBE12E /* GooglePlus.framework */ = {isa = PBXFileReference; lastKnownFileType = wrapper.framework; path = GooglePlus.framework; sourceTree = "<group>"; };
		C17C578A19EEE74300BBE12E /* Bridging-Header.h */ = {isa = PBXFileReference; lastKnownFileType = sourcecode.c.h; path = "Bridging-Header.h"; sourceTree = "<group>"; };
/* End PBXFileReference section */

/* Begin PBXFrameworksBuildPhase section */
		C17C575C19EEE69900BBE12E /* Frameworks */ = {
			isa = PBXFrameworksBuildPhase;
			buildActionMask = 2147483647;
			files = (
				6A47A74B1AD22B3E00212DC8 /* MessageUI.framework in Frameworks */,
				6A3AE7911AB8991B00912B49 /* UIKit.framework in Frameworks */,
				C06EB7C91A61C13100C379BF /* SystemConfiguration.framework in Frameworks */,
				C06EB7C11A61C11400C379BF /* MobileCoreServices.framework in Frameworks */,
				C06EB7BF1A61C10E00C379BF /* CoreLocation.framework in Frameworks */,
				C06EB7BD1A61C10700C379BF /* CoreGraphics.framework in Frameworks */,
				C06EB7BB1A61C0F800C379BF /* CFNetwork.framework in Frameworks */,
				C17C578719EEE6F900BBE12E /* GoogleOpenSource.framework in Frameworks */,
				C17C578919EEE6F900BBE12E /* GooglePlus.framework in Frameworks */,
			);
			runOnlyForDeploymentPostprocessing = 0;
		};
		C17C577119EEE69900BBE12E /* Frameworks */ = {
			isa = PBXFrameworksBuildPhase;
			buildActionMask = 2147483647;
			files = (
			);
			runOnlyForDeploymentPostprocessing = 0;
		};
/* End PBXFrameworksBuildPhase section */

/* Begin PBXGroup section */
		C17C575619EEE69900BBE12E = {
			isa = PBXGroup;
			children = (
				C17C576119EEE69900BBE12E /* GooglePlusSwift */,
				C17C577719EEE69900BBE12E /* GooglePlusSwiftTests */,
				C17C576019EEE69900BBE12E /* Products */,
			);
			sourceTree = "<group>";
		};
		C17C576019EEE69900BBE12E /* Products */ = {
			isa = PBXGroup;
			children = (
				C17C575F19EEE69900BBE12E /* NWLit.app */,
				C17C577419EEE69900BBE12E /* NWLitTests.xctest */,
			);
			name = Products;
			sourceTree = "<group>";
		};
		C17C576119EEE69900BBE12E /* GooglePlusSwift */ = {
			isa = PBXGroup;
			children = (
				6A8EDACE1AD1FDDB00903F94 /* public.png */,
				6A8EDACF1AD1FDDB00903F94 /* public@2x.png */,
				6AD790021AC5F77A00DF7FA3 /* ic_remove_black_16.png */,
				6AD790031AC5F77A00DF7FA3 /* ic_remove_black_16@2x.png */,
				C17C576D19EEE69900BBE12E /* LaunchScreen.xib */,
				C17C576419EEE69900BBE12E /* AppDelegate.swift */,
				C17C576619EEE69900BBE12E /* ViewController.swift */,
				C17C576B19EEE69900BBE12E /* Images.xcassets */,
				C17C576819EEE69900BBE12E /* Main.storyboard */,
				C17C576219EEE69900BBE12E /* Supporting Files */,
				C17C578A19EEE74300BBE12E /* Bridging-Header.h */,
				6A3AE78E1AB8975400912B49 /* LinearLayout.swift */,
			);
			path = GooglePlusSwift;
			sourceTree = "<group>";
		};
		C17C576219EEE69900BBE12E /* Supporting Files */ = {
			isa = PBXGroup;
			children = (
				6A47A74A1AD22B3E00212DC8 /* MessageUI.framework */,
				6A3AE7901AB8991B00912B49 /* UIKit.framework */,
				C06EB7C81A61C13100C379BF /* SystemConfiguration.framework */,
				C06EB7C01A61C11400C379BF /* MobileCoreServices.framework */,
				C06EB7BE1A61C10E00C379BF /* CoreLocation.framework */,
				C06EB7BC1A61C10700C379BF /* CoreGraphics.framework */,
				C06EB7BA1A61C0F800C379BF /* CFNetwork.framework */,
				C17C578419EEE6F900BBE12E /* GoogleOpenSource.framework */,
				C17C578519EEE6F900BBE12E /* GooglePlus.bundle */,
				C17C578619EEE6F900BBE12E /* GooglePlus.framework */,
				C17C576319EEE69900BBE12E /* Info.plist */,
			);
			name = "Supporting Files";
			sourceTree = "<group>";
		};
		C17C577719EEE69900BBE12E /* GooglePlusSwiftTests */ = {
			isa = PBXGroup;
			children = (
				C17C577A19EEE69900BBE12E /* GooglePlusSwiftTests.swift */,
				C17C577819EEE69900BBE12E /* Supporting Files */,
			);
			path = GooglePlusSwiftTests;
			sourceTree = "<group>";
		};
		C17C577819EEE69900BBE12E /* Supporting Files */ = {
			isa = PBXGroup;
			children = (
				C17C577919EEE69900BBE12E /* Info.plist */,
			);
			name = "Supporting Files";
			sourceTree = "<group>";
		};
/* End PBXGroup section */

/* Begin PBXNativeTarget section */
		C17C575E19EEE69900BBE12E /* NWLit */ = {
			isa = PBXNativeTarget;
			buildConfigurationList = C17C577E19EEE69900BBE12E /* Build configuration list for PBXNativeTarget "NWLit" */;
			buildPhases = (
				C17C575B19EEE69900BBE12E /* Sources */,
				C17C575C19EEE69900BBE12E /* Frameworks */,
				C17C575D19EEE69900BBE12E /* Resources */,
			);
			buildRules = (
			);
			dependencies = (
			);
			name = NWLit;
			productName = GooglePlusSwift;
			productReference = C17C575F19EEE69900BBE12E /* NWLit.app */;
			productType = "com.apple.product-type.application";
		};
		C17C577319EEE69900BBE12E /* NWLitTests */ = {
			isa = PBXNativeTarget;
			buildConfigurationList = C17C578119EEE69900BBE12E /* Build configuration list for PBXNativeTarget "NWLitTests" */;
			buildPhases = (
				C17C577019EEE69900BBE12E /* Sources */,
				C17C577119EEE69900BBE12E /* Frameworks */,
				C17C577219EEE69900BBE12E /* Resources */,
			);
			buildRules = (
			);
			dependencies = (
				C17C577619EEE69900BBE12E /* PBXTargetDependency */,
			);
			name = NWLitTests;
			productName = GooglePlusSwiftTests;
			productReference = C17C577419EEE69900BBE12E /* NWLitTests.xctest */;
			productType = "com.apple.product-type.bundle.unit-test";
		};
/* End PBXNativeTarget section */

/* Begin PBXProject section */
		C17C575719EEE69900BBE12E /* Project object */ = {
			isa = PBXProject;
			attributes = {
				LastUpgradeCheck = 0600;
				ORGANIZATIONNAME = Isaac;
				TargetAttributes = {
					C17C575E19EEE69900BBE12E = {
						CreatedOnToolsVersion = 6.0.1;
						DevelopmentTeam = 328SKT5YWC;
					};
					C17C577319EEE69900BBE12E = {
						CreatedOnToolsVersion = 6.0.1;
						DevelopmentTeam = 328SKT5YWC;
						TestTargetID = C17C575E19EEE69900BBE12E;
					};
				};
			};
			buildConfigurationList = C17C575A19EEE69900BBE12E /* Build configuration list for PBXProject "NWLit" */;
			compatibilityVersion = "Xcode 3.2";
			developmentRegion = English;
			hasScannedForEncodings = 0;
			knownRegions = (
				en,
				Base,
			);
			mainGroup = C17C575619EEE69900BBE12E;
			productRefGroup = C17C576019EEE69900BBE12E /* Products */;
			projectDirPath = "";
			projectRoot = "";
			targets = (
				C17C575E19EEE69900BBE12E /* NWLit */,
				C17C577319EEE69900BBE12E /* NWLitTests */,
			);
		};
/* End PBXProject section */

/* Begin PBXResourcesBuildPhase section */
		C17C575D19EEE69900BBE12E /* Resources */ = {
			isa = PBXResourcesBuildPhase;
			buildActionMask = 2147483647;
			files = (
				C17C576A19EEE69900BBE12E /* Main.storyboard in Resources */,
				6A8EDAD11AD1FDDB00903F94 /* public@2x.png in Resources */,
				6AD790051AC5F77A00DF7FA3 /* ic_remove_black_16@2x.png in Resources */,
				6A8EDAD01AD1FDDB00903F94 /* public.png in Resources */,
				C17C576F19EEE69900BBE12E /* LaunchScreen.xib in Resources */,
				C17C578819EEE6F900BBE12E /* GooglePlus.bundle in Resources */,
				C17C576C19EEE69900BBE12E /* Images.xcassets in Resources */,
				6AD790041AC5F77A00DF7FA3 /* ic_remove_black_16.png in Resources */,
			);
			runOnlyForDeploymentPostprocessing = 0;
		};
		C17C577219EEE69900BBE12E /* Resources */ = {
			isa = PBXResourcesBuildPhase;
			buildActionMask = 2147483647;
			files = (
			);
			runOnlyForDeploymentPostprocessing = 0;
		};
/* End PBXResourcesBuildPhase section */

/* Begin PBXSourcesBuildPhase section */
		C17C575B19EEE69900BBE12E /* Sources */ = {
			isa = PBXSourcesBuildPhase;
			buildActionMask = 2147483647;
			files = (
				C17C576719EEE69900BBE12E /* ViewController.swift in Sources */,
				C17C576519EEE69900BBE12E /* AppDelegate.swift in Sources */,
				6A3AE78F1AB8975400912B49 /* LinearLayout.swift in Sources */,
			);
			runOnlyForDeploymentPostprocessing = 0;
		};
		C17C577019EEE69900BBE12E /* Sources */ = {
			isa = PBXSourcesBuildPhase;
			buildActionMask = 2147483647;
			files = (
				C17C577B19EEE69900BBE12E /* GooglePlusSwiftTests.swift in Sources */,
			);
			runOnlyForDeploymentPostprocessing = 0;
		};
/* End PBXSourcesBuildPhase section */

/* Begin PBXTargetDependency section */
		C17C577619EEE69900BBE12E /* PBXTargetDependency */ = {
			isa = PBXTargetDependency;
			target = C17C575E19EEE69900BBE12E /* NWLit */;
			targetProxy = C17C577519EEE69900BBE12E /* PBXContainerItemProxy */;
		};
/* End PBXTargetDependency section */

/* Begin PBXVariantGroup section */
		C17C576819EEE69900BBE12E /* Main.storyboard */ = {
			isa = PBXVariantGroup;
			children = (
				C17C576919EEE69900BBE12E /* Base */,
			);
			name = Main.storyboard;
			sourceTree = "<group>";
		};
		C17C576D19EEE69900BBE12E /* LaunchScreen.xib */ = {
			isa = PBXVariantGroup;
			children = (
				C17C576E19EEE69900BBE12E /* Base */,
			);
			name = LaunchScreen.xib;
			sourceTree = "<group>";
		};
/* End PBXVariantGroup section */

/* Begin XCBuildConfiguration section */
		C17C577C19EEE69900BBE12E /* Debug */ = {
			isa = XCBuildConfiguration;
			buildSettings = {
				ALWAYS_SEARCH_USER_PATHS = NO;
				CLANG_CXX_LANGUAGE_STANDARD = "gnu++0x";
				CLANG_CXX_LIBRARY = "libc++";
				CLANG_ENABLE_MODULES = YES;
				CLANG_ENABLE_OBJC_ARC = YES;
				CLANG_WARN_BOOL_CONVERSION = YES;
				CLANG_WARN_CONSTANT_CONVERSION = YES;
				CLANG_WARN_DIRECT_OBJC_ISA_USAGE = YES_ERROR;
				CLANG_WARN_EMPTY_BODY = YES;
				CLANG_WARN_ENUM_CONVERSION = YES;
				CLANG_WARN_INT_CONVERSION = YES;
				CLANG_WARN_OBJC_ROOT_CLASS = YES_ERROR;
				CLANG_WARN_UNREACHABLE_CODE = YES;
				CLANG_WARN__DUPLICATE_METHOD_MATCH = YES;
				CODE_SIGN_IDENTITY = "iPhone Developer: Isaac Moldofsky (7H6XPN688F)";
				"CODE_SIGN_IDENTITY[sdk=iphoneos*]" = "iPhone Developer: Isaac Moldofsky (7H6XPN688F)";
				COPY_PHASE_STRIP = NO;
				ENABLE_STRICT_OBJC_MSGSEND = YES;
				GCC_C_LANGUAGE_STANDARD = gnu99;
				GCC_DYNAMIC_NO_PIC = NO;
				GCC_OPTIMIZATION_LEVEL = 0;
				GCC_PREPROCESSOR_DEFINITIONS = (
					"DEBUG=1",
					"$(inherited)",
				);
				GCC_SYMBOLS_PRIVATE_EXTERN = NO;
				GCC_WARN_64_TO_32_BIT_CONVERSION = YES;
				GCC_WARN_ABOUT_RETURN_TYPE = YES_ERROR;
				GCC_WARN_UNDECLARED_SELECTOR = YES;
				GCC_WARN_UNINITIALIZED_AUTOS = YES_AGGRESSIVE;
				GCC_WARN_UNUSED_FUNCTION = YES;
				GCC_WARN_UNUSED_VARIABLE = YES;
				IPHONEOS_DEPLOYMENT_TARGET = 8.0;
				MTL_ENABLE_DEBUG_INFO = YES;
				ONLY_ACTIVE_ARCH = YES;
				PROVISIONING_PROFILE = "91d6f5ae-2115-438e-b438-7e0a18ec79c5";
				SDKROOT = iphoneos;
				SWIFT_OPTIMIZATION_LEVEL = "-Onone";
			};
			name = Debug;
		};
		C17C577D19EEE69900BBE12E /* Release */ = {
			isa = XCBuildConfiguration;
			buildSettings = {
				ALWAYS_SEARCH_USER_PATHS = NO;
				CLANG_CXX_LANGUAGE_STANDARD = "gnu++0x";
				CLANG_CXX_LIBRARY = "libc++";
				CLANG_ENABLE_MODULES = YES;
				CLANG_ENABLE_OBJC_ARC = YES;
				CLANG_WARN_BOOL_CONVERSION = YES;
				CLANG_WARN_CONSTANT_CONVERSION = YES;
				CLANG_WARN_DIRECT_OBJC_ISA_USAGE = YES_ERROR;
				CLANG_WARN_EMPTY_BODY = YES;
				CLANG_WARN_ENUM_CONVERSION = YES;
				CLANG_WARN_INT_CONVERSION = YES;
				CLANG_WARN_OBJC_ROOT_CLASS = YES_ERROR;
				CLANG_WARN_UNREACHABLE_CODE = YES;
				CLANG_WARN__DUPLICATE_METHOD_MATCH = YES;
				CODE_SIGN_IDENTITY = "iPhone Distribution: Isaac Moldofsky (328SKT5YWC)";
				"CODE_SIGN_IDENTITY[sdk=iphoneos*]" = "iPhone Distribution: Isaac Moldofsky (328SKT5YWC)";
				COPY_PHASE_STRIP = YES;
				ENABLE_NS_ASSERTIONS = NO;
				ENABLE_STRICT_OBJC_MSGSEND = YES;
				GCC_C_LANGUAGE_STANDARD = gnu99;
				GCC_WARN_64_TO_32_BIT_CONVERSION = YES;
				GCC_WARN_ABOUT_RETURN_TYPE = YES_ERROR;
				GCC_WARN_UNDECLARED_SELECTOR = YES;
				GCC_WARN_UNINITIALIZED_AUTOS = YES_AGGRESSIVE;
				GCC_WARN_UNUSED_FUNCTION = YES;
				GCC_WARN_UNUSED_VARIABLE = YES;
				IPHONEOS_DEPLOYMENT_TARGET = 8.0;
				MTL_ENABLE_DEBUG_INFO = NO;
				PROVISIONING_PROFILE = "fc7995bf-d83b-4319-a18a-21495973ed08";
				SDKROOT = iphoneos;
				VALIDATE_PRODUCT = YES;
			};
			name = Release;
		};
		C17C577F19EEE69900BBE12E /* Debug */ = {
			isa = XCBuildConfiguration;
			buildSettings = {
				ASSETCATALOG_COMPILER_APPICON_NAME = AppIcon;
				ASSETCATALOG_COMPILER_LAUNCHIMAGE_NAME = LaunchImage;
				CODE_SIGN_IDENTITY = "iPhone Developer: Isaac Moldofsky (7H6XPN688F)";
				"CODE_SIGN_IDENTITY[sdk=iphoneos*]" = "iPhone Developer: Isaac Moldofsky (7H6XPN688F)";
				FRAMEWORK_SEARCH_PATHS = (
					"$(inherited)",
					"$(PROJECT_DIR)/GooglePlusSwift",
					"/Users/alexantonow/Downloads/parse-library-1.6.1",
					"/Users/user27913/Downloads/parse-library-1.6.2",
				);
				INFOPLIST_FILE = GooglePlusSwift/Info.plist;
				IPHONEOS_DEPLOYMENT_TARGET = 7.0;
				LD_RUNPATH_SEARCH_PATHS = "$(inherited) @executable_path/Frameworks";
				ONLY_ACTIVE_ARCH = YES;
				OTHER_LDFLAGS = "-ObjC";
				PRECOMPS_INCLUDE_HEADERS_FROM_BUILT_PRODUCTS_DIR = YES;
				PRODUCT_NAME = NWLit;
				PROVISIONING_PROFILE = "5301627c-fb89-4ca5-9b53-b83f35fb556c";
				SWIFT_OBJC_BRIDGING_HEADER = "GooglePlusSwift/Bridging-Header.h";
				TARGETED_DEVICE_FAMILY = "1,2";
			};
			name = Debug;
		};
		C17C578019EEE69900BBE12E /* Release */ = {
			isa = XCBuildConfiguration;
			buildSettings = {
				ASSETCATALOG_COMPILER_APPICON_NAME = AppIcon;
				ASSETCATALOG_COMPILER_LAUNCHIMAGE_NAME = LaunchImage;
				CODE_SIGN_IDENTITY = "iPhone Distribution: Isaac Moldofsky (328SKT5YWC)";
				"CODE_SIGN_IDENTITY[sdk=iphoneos*]" = "iPhone Distribution: Isaac Moldofsky (328SKT5YWC)";
				FRAMEWORK_SEARCH_PATHS = (
					"$(inherited)",
					"$(PROJECT_DIR)/GooglePlusSwift",
					"/Users/alexantonow/Downloads/parse-library-1.6.1",
					"/Users/user27913/Downloads/parse-library-1.6.2",
				);
				INFOPLIST_FILE = GooglePlusSwift/Info.plist;
				IPHONEOS_DEPLOYMENT_TARGET = 7.0;
				LD_RUNPATH_SEARCH_PATHS = "$(inherited) @executable_path/Frameworks";
				OTHER_LDFLAGS = "-ObjC";
				PRECOMPS_INCLUDE_HEADERS_FROM_BUILT_PRODUCTS_DIR = YES;
				PRODUCT_NAME = NWLit;
				PROVISIONING_PROFILE = "fd7eef1e-b85f-452e-b0a5-4e2f591eeb51";
				SWIFT_OBJC_BRIDGING_HEADER = "GooglePlusSwift/Bridging-Header.h";
				TARGETED_DEVICE_FAMILY = "1,2";
			};
			name = Release;
		};
		C17C578219EEE69900BBE12E /* Debug */ = {
			isa = XCBuildConfiguration;
			buildSettings = {
				BUNDLE_LOADER = "$(TEST_HOST)";
				CLANG_ENABLE_MODULES = YES;
				CODE_SIGN_IDENTITY = "iPhone Developer";
				"CODE_SIGN_IDENTITY[sdk=iphoneos*]" = "iPhone Developer";
				FRAMEWORK_SEARCH_PATHS = (
					"$(SDKROOT)/Developer/Library/Frameworks",
					"$(inherited)",
					"/Users/alexantonow/Downloads/parse-library-1.6.1",
					"/Users/user27913/Downloads/parse-library-1.6.2",
				);
				GCC_PREPROCESSOR_DEFINITIONS = (
					"DEBUG=1",
					"$(inherited)",
				);
				INFOPLIST_FILE = GooglePlusSwiftTests/Info.plist;
				LD_RUNPATH_SEARCH_PATHS = "$(inherited) @executable_path/Frameworks @loader_path/Frameworks";
				PRODUCT_NAME = NWLitTests;
				PROVISIONING_PROFILE = "";
				SWIFT_OPTIMIZATION_LEVEL = "-Onone";
				TEST_HOST = "$(BUILT_PRODUCTS_DIR)/NWLit.app/NWLit";
			};
			name = Debug;
		};
		C17C578319EEE69900BBE12E /* Release */ = {
			isa = XCBuildConfiguration;
			buildSettings = {
				BUNDLE_LOADER = "$(TEST_HOST)";
				CLANG_ENABLE_MODULES = YES;
				CODE_SIGN_IDENTITY = "iPhone Developer";
				"CODE_SIGN_IDENTITY[sdk=iphoneos*]" = "iPhone Developer";
				FRAMEWORK_SEARCH_PATHS = (
					"$(SDKROOT)/Developer/Library/Frameworks",
					"$(inherited)",
					"/Users/alexantonow/Downloads/parse-library-1.6.1",
					"/Users/user27913/Downloads/parse-library-1.6.2",
				);
				INFOPLIST_FILE = GooglePlusSwiftTests/Info.plist;
				LD_RUNPATH_SEARCH_PATHS = "$(inherited) @executable_path/Frameworks @loader_path/Frameworks";
				PRODUCT_NAME = NWLitTests;
				PROVISIONING_PROFILE = "";
				TEST_HOST = "$(BUILT_PRODUCTS_DIR)/NWLit.app/NWLit";
			};
			name = Release;
		};
/* End XCBuildConfiguration section */

/* Begin XCConfigurationList section */
		C17C575A19EEE69900BBE12E /* Build configuration list for PBXProject "NWLit" */ = {
			isa = XCConfigurationList;
			buildConfigurations = (
				C17C577C19EEE69900BBE12E /* Debug */,
				C17C577D19EEE69900BBE12E /* Release */,
			);
			defaultConfigurationIsVisible = 0;
			defaultConfigurationName = Release;
		};
		C17C577E19EEE69900BBE12E /* Build configuration list for PBXNativeTarget "NWLit" */ = {
			isa = XCConfigurationList;
			buildConfigurations = (
				C17C577F19EEE69900BBE12E /* Debug */,
				C17C578019EEE69900BBE12E /* Release */,
			);
			defaultConfigurationIsVisible = 0;
			defaultConfigurationName = Release;
		};
		C17C578119EEE69900BBE12E /* Build configuration list for PBXNativeTarget "NWLitTests" */ = {
			isa = XCConfigurationList;
			buildConfigurations = (
				C17C578219EEE69900BBE12E /* Debug */,
				C17C578319EEE69900BBE12E /* Release */,
			);
			defaultConfigurationIsVisible = 0;
			defaultConfigurationName = Release;
		};
/* End XCConfigurationList section */
	};
	rootObject = C17C575719EEE69900BBE12E /* Project object */;
}
